# This file is automatically @generated by Poetry 1.4.0 and should not be changed by hand.

[[package]]
name = "jsonpickle"
version = "3.0.1"
description = "Python library for serializing any arbitrary object graph into JSON"
category = "main"
optional = false
python-versions = ">=3.7"
files = [
    {file = "jsonpickle-3.0.1-py2.py3-none-any.whl", hash = "sha256:130d8b293ea0add3845de311aaba55e6d706d0bb17bc123bd2c8baf8a39ac77c"},
    {file = "jsonpickle-3.0.1.tar.gz", hash = "sha256:032538804795e73b94ead410800ac387fdb6de98f8882ac957fcd247e3a85200"},
]

[package.extras]
docs = ["jaraco.packaging (>=3.2)", "rst.linker (>=1.9)", "sphinx"]
testing = ["ecdsa", "feedparser", "gmpy2", "numpy", "pandas", "pymongo", "pytest (>=3.5,!=3.7.3)", "pytest-black-multipy", "pytest-checkdocs (>=1.2.3)", "pytest-cov", "pytest-flake8 (>=1.1.1)", "scikit-learn", "sqlalchemy"]
testing-libs = ["simplejson", "ujson"]

[metadata]
lock-version = "2.0"
python-versions = "^3.10"
content-hash = "24f93baeff6e091a65484716ccfc3cf562fdba20249efe69bb25407207be495f"
